
Microsoft Visual Studio Solution File, Format Version 12.00
# Visual Studio 2017
Project("{FAE04EC0-301F-11D3-BF4B-00C04F79EFBC}") = "3dPlatformere", "3dPlatformere.csproj", "{68DE9159-D24F-93CB-7143-7F937E3F35DD}"
EndProject
Project("{FAE04EC0-301F-11D3-BF4B-00C04F79EFBC}") = "3dPlatformere.Editor", "3dPlatformere.Editor.csproj", "{395276E9-3D83-4345-0D57-56685F34AB71}"
EndProject
Global
	GlobalSection(SolutionConfigurationPlatforms) = preSolution
		Debug|Any CPU = Debug|Any CPU
		Release|Any CPU = Release|Any CPU
	EndGlobalSection
	GlobalSection(ProjectConfigurationPlatforms) = postSolution
		{68DE9159-D24F-93CB-7143-7F937E3F35DD}.Debug|Any CPU.ActiveCfg = Debug|Any CPU
		{68DE9159-D24F-93CB-7143-7F937E3F35DD}.Debug|Any CPU.Build.0 = Debug|Any CPU
		{68DE9159-D24F-93CB-7143-7F937E3F35DD}.Release|Any CPU.ActiveCfg = Release|Any CPU
		{68DE9159-D24F-93CB-7143-7F937E3F35DD}.Release|Any CPU.Build.0 = Release|Any CPU
		{395276E9-3D83-4345-0D57-56685F34AB71}.Debug|Any CPU.ActiveCfg = Debug|Any CPU
		{395276E9-3D83-4345-0D57-56685F34AB71}.Debug|Any CPU.Build.0 = Debug|Any CPU
		{395276E9-3D83-4345-0D57-56685F34AB71}.Release|Any CPU.ActiveCfg = Release|Any CPU
		{395276E9-3D83-4345-0D57-56685F34AB71}.Release|Any CPU.Build.0 = Release|Any CPU
	EndGlobalSection
	GlobalSection(SolutionProperties) = preSolution
		HideSolutionNode = FALSE
	EndGlobalSection
EndGlobal
